
Microsoft Visual Studio Solution File, Format Version 12.00
# Visual Studio Version 17
VisualStudioVersion = 17.8.34322.80
MinimumVisualStudioVersion = 10.0.40219.1
Project("{2150E333-8FDC-42A3-9474-1A3956D46DE8}") = "Doc", "Doc", "{BF78A344-25A6-4EB1-A290-330CCE8477FB}"
EndProject
Project("{2150E333-8FDC-42A3-9474-1A3956D46DE8}") = "Src", "Src", "{351E8C25-7B89-4B53-9809-FFBC35C9A475}"
EndProject
Project("{2150E333-8FDC-42A3-9474-1A3956D46DE8}") = "Test", "Test", "{51A97D52-BB8D-4164-83FC-C5468CEE857F}"
EndProject
Project("{2150E333-8FDC-42A3-9474-1A3956D46DE8}") = "Commons", "Commons", "{BCE7ADE4-01C5-4EEC-801A-B3F3F9CEEB03}"
EndProject
Project("{2150E333-8FDC-42A3-9474-1A3956D46DE8}") = "Core", "Core", "{AF1189DC-CAE7-416C-B3E1-45CDFF569812}"
EndProject
Project("{2150E333-8FDC-42A3-9474-1A3956D46DE8}") = "Infrastructure", "Infrastructure", "{4B02700B-EDB7-4DC4-B865-690BEE71C6C8}"
EndProject
Project("{2150E333-8FDC-42A3-9474-1A3956D46DE8}") = "Peresentation", "Peresentation", "{B7FCEB80-30DD-417F-8532-A215763DE3F0}"
EndProject
Project("{FAE04EC0-301F-11D3-BF4B-00C04F79EFBC}") = "Common", "Common\Common.csproj", "{7CE500E4-621C-48A6-874D-6970A06D462A}"
EndProject
Project("{FAE04EC0-301F-11D3-BF4B-00C04F79EFBC}") = "Application", "Application\Application.csproj", "{4916BFC1-2C72-45D8-9949-8D490B513DE8}"
EndProject
Project("{FAE04EC0-301F-11D3-BF4B-00C04F79EFBC}") = "Domain", "Domain\Domain.csproj", "{35EE52AA-9EF3-4DED-91A5-BEFAD6620A66}"
EndProject
Project("{FAE04EC0-301F-11D3-BF4B-00C04F79EFBC}") = "Infrastructure", "Infrastructure\Infrastructure.csproj", "{3B91E134-50EC-4EB5-BC91-F240299230CE}"
EndProject
Project("{FAE04EC0-301F-11D3-BF4B-00C04F79EFBC}") = "Persistance", "Persistance\Persistance.csproj", "{80A97B05-0A7A-409B-B372-25A250DFA9AD}"
EndProject
Project("{FAE04EC0-301F-11D3-BF4B-00C04F79EFBC}") = "ChatRooms", "ChatRooms\ChatRooms.csproj", "{E01FB68C-B791-4E1A-A92F-04631B7D2371}"
EndProject
Global
	GlobalSection(SolutionConfigurationPlatforms) = preSolution
		Debug|Any CPU = Debug|Any CPU
		Release|Any CPU = Release|Any CPU
	EndGlobalSection
	GlobalSection(ProjectConfigurationPlatforms) = postSolution
		{7CE500E4-621C-48A6-874D-6970A06D462A}.Debug|Any CPU.ActiveCfg = Debug|Any CPU
		{7CE500E4-621C-48A6-874D-6970A06D462A}.Debug|Any CPU.Build.0 = Debug|Any CPU
		{7CE500E4-621C-48A6-874D-6970A06D462A}.Release|Any CPU.ActiveCfg = Release|Any CPU
		{7CE500E4-621C-48A6-874D-6970A06D462A}.Release|Any CPU.Build.0 = Release|Any CPU
		{4916BFC1-2C72-45D8-9949-8D490B513DE8}.Debug|Any CPU.ActiveCfg = Debug|Any CPU
		{4916BFC1-2C72-45D8-9949-8D490B513DE8}.Debug|Any CPU.Build.0 = Debug|Any CPU
		{4916BFC1-2C72-45D8-9949-8D490B513DE8}.Release|Any CPU.ActiveCfg = Release|Any CPU
		{4916BFC1-2C72-45D8-9949-8D490B513DE8}.Release|Any CPU.Build.0 = Release|Any CPU
		{35EE52AA-9EF3-4DED-91A5-BEFAD6620A66}.Debug|Any CPU.ActiveCfg = Debug|Any CPU
		{35EE52AA-9EF3-4DED-91A5-BEFAD6620A66}.Debug|Any CPU.Build.0 = Debug|Any CPU
		{35EE52AA-9EF3-4DED-91A5-BEFAD6620A66}.Release|Any CPU.ActiveCfg = Release|Any CPU
		{35EE52AA-9EF3-4DED-91A5-BEFAD6620A66}.Release|Any CPU.Build.0 = Release|Any CPU
		{3B91E134-50EC-4EB5-BC91-F240299230CE}.Debug|Any CPU.ActiveCfg = Debug|Any CPU
		{3B91E134-50EC-4EB5-BC91-F240299230CE}.Debug|Any CPU.Build.0 = Debug|Any CPU
		{3B91E134-50EC-4EB5-BC91-F240299230CE}.Release|Any CPU.ActiveCfg = Release|Any CPU
		{3B91E134-50EC-4EB5-BC91-F240299230CE}.Release|Any CPU.Build.0 = Release|Any CPU
		{80A97B05-0A7A-409B-B372-25A250DFA9AD}.Debug|Any CPU.ActiveCfg = Debug|Any CPU
		{80A97B05-0A7A-409B-B372-25A250DFA9AD}.Debug|Any CPU.Build.0 = Debug|Any CPU
		{80A97B05-0A7A-409B-B372-25A250DFA9AD}.Release|Any CPU.ActiveCfg = Release|Any CPU
		{80A97B05-0A7A-409B-B372-25A250DFA9AD}.Release|Any CPU.Build.0 = Release|Any CPU
		{E01FB68C-B791-4E1A-A92F-04631B7D2371}.Debug|Any CPU.ActiveCfg = Debug|Any CPU
		{E01FB68C-B791-4E1A-A92F-04631B7D2371}.Debug|Any CPU.Build.0 = Debug|Any CPU
		{E01FB68C-B791-4E1A-A92F-04631B7D2371}.Release|Any CPU.ActiveCfg = Release|Any CPU
		{E01FB68C-B791-4E1A-A92F-04631B7D2371}.Release|Any CPU.Build.0 = Release|Any CPU
	EndGlobalSection
	GlobalSection(SolutionProperties) = preSolution
		HideSolutionNode = FALSE
	EndGlobalSection
	GlobalSection(NestedProjects) = preSolution
		{BCE7ADE4-01C5-4EEC-801A-B3F3F9CEEB03} = {351E8C25-7B89-4B53-9809-FFBC35C9A475}
		{AF1189DC-CAE7-416C-B3E1-45CDFF569812} = {351E8C25-7B89-4B53-9809-FFBC35C9A475}
		{4B02700B-EDB7-4DC4-B865-690BEE71C6C8} = {351E8C25-7B89-4B53-9809-FFBC35C9A475}
		{B7FCEB80-30DD-417F-8532-A215763DE3F0} = {351E8C25-7B89-4B53-9809-FFBC35C9A475}
		{7CE500E4-621C-48A6-874D-6970A06D462A} = {BCE7ADE4-01C5-4EEC-801A-B3F3F9CEEB03}
		{4916BFC1-2C72-45D8-9949-8D490B513DE8} = {AF1189DC-CAE7-416C-B3E1-45CDFF569812}
		{35EE52AA-9EF3-4DED-91A5-BEFAD6620A66} = {AF1189DC-CAE7-416C-B3E1-45CDFF569812}
		{3B91E134-50EC-4EB5-BC91-F240299230CE} = {4B02700B-EDB7-4DC4-B865-690BEE71C6C8}
		{80A97B05-0A7A-409B-B372-25A250DFA9AD} = {4B02700B-EDB7-4DC4-B865-690BEE71C6C8}
		{E01FB68C-B791-4E1A-A92F-04631B7D2371} = {B7FCEB80-30DD-417F-8532-A215763DE3F0}
	EndGlobalSection
	GlobalSection(ExtensibilityGlobals) = postSolution
		SolutionGuid = {3A86912C-694B-4D90-85DC-09B2606326D7}
	EndGlobalSection
EndGlobal
